
Microsoft Visual Studio Solution File, Format Version 12.00
# Visual Studio 2010
Project("{FAE04EC0-301F-11D3-BF4B-00C04F79EFBC}") = "Generator", "Generator\Generator.csproj", "{CC1ECDC8-702F-4F11-A326-B5827D5732DE}"
EndProject
Global
	GlobalSection(SolutionConfigurationPlatforms) = preSolution
		Debug|Any CPU = Debug|Any CPU
		Release|Any CPU = Release|Any CPU
	EndGlobalSection
	GlobalSection(ProjectConfigurationPlatforms) = postSolution
		{CC1ECDC8-702F-4F11-A326-B5827D5732DE}.Debug|Any CPU.ActiveCfg = Debug|Any CPU
		{CC1ECDC8-702F-4F11-A326-B5827D5732DE}.Debug|Any CPU.Build.0 = Debug|Any CPU
		{CC1ECDC8-702F-4F11-A326-B5827D5732DE}.Release|Any CPU.ActiveCfg = Release|Any CPU
		{CC1ECDC8-702F-4F11-A326-B5827D5732DE}.Release|Any CPU.Build.0 = Release|Any CPU
	EndGlobalSection
	GlobalSection(SolutionProperties) = preSolution
		HideSolutionNode = FALSE
	EndGlobalSection
EndGlobal
